{
  "name": "analitycs",
  "version": "1.0.0",
  "lockfileVersion": 3,
  "requires": true,
  "packages": {
    "": {
      "name": "analitycs",
      "version": "1.0.0",
      "license": "ISC",
      "dependencies": {
        "clean-insights-sdk": "^2.6.1"
      }
    },
    "node_modules/clean-insights-sdk": {
      "version": "2.6.1",
      "resolved": "https://registry.npmjs.org/clean-insights-sdk/-/clean-insights-sdk-2.6.1.tgz",
      "integrity": "sha512-6Ep8ilCkefh/ryz+gEG/smkUI5bWAm5dW3H+iz57B0O/pWzGiHAB3CCyzAW+LSfONp5miJgvgGuSqVJHghFtpQ==",
      "dependencies": {
        "dayjs": "^1.11.8",
        "store-js": "^2.0.4"
      }
    },
    "node_modules/dayjs": {
      "version": "1.11.10",
      "resolved": "https://registry.npmjs.org/dayjs/-/dayjs-1.11.10.tgz",
      "integrity": "sha512-vjAczensTgRcqDERK0SR2XMwsF/tSvnvlv6VcF2GIhg6Sx4yOIt/irsr1RDJsKiIyBzJDpCoXiWWq28MqH2cnQ=="
    },
    "node_modules/store-js": {
      "version": "2.0.4",
      "resolved": "https://registry.npmjs.org/store-js/-/store-js-2.0.4.tgz",
      "integrity": "sha512-ap3Tcpc5kbPnUOpty9g5v7XozAxPylPokzhPxnQ4EtyTbjt+pHw4GVgxkng8vxcT1R9ZShXY/aCKqAQrhjTESA==",
      "engines": {
        "node": "*"
      }
    }
  }
}
